
Microsoft Visual Studio Solution File, Format Version 12.00
Project("{2150E333-8FDC-42A3-9474-1A3956D46DE8}") = "src", "src", "{8BEE8555-1FD3-484B-B232-0B0CAB408E75}"
EndProject
Project("{FAE04EC0-301F-11D3-BF4B-00C04F79EFBC}") = "CRUD.Api.Application", "src\CRUD.Api.Application\CRUD.Api.Application.csproj", "{9929888B-6CAB-4667-B04F-DBFA76D9088E}"
EndProject
Project("{FAE04EC0-301F-11D3-BF4B-00C04F79EFBC}") = "CRUD.Api.Domain", "src\CRUD.Api.Domain\CRUD.Api.Domain.csproj", "{7C28D78E-9C4D-41C3-AFAF-A770812BBCBF}"
EndProject
Project("{FAE04EC0-301F-11D3-BF4B-00C04F79EFBC}") = "CRUD.Api.Infrastructure", "src\CRUD.Api.Infrastructure\CRUD.Api.Infrastructure.csproj", "{B35D90DC-E301-4A6E-929F-717D0F9E706E}"
EndProject
Project("{FAE04EC0-301F-11D3-BF4B-00C04F79EFBC}") = "CRUD.Api.Api", "src\CRUD.Api.Api\CRUD.Api.Api.csproj", "{5223F46B-45CF-498C-B7BD-09C42B699FA4}"
EndProject
Project("{FAE04EC0-301F-11D3-BF4B-00C04F79EFBC}") = "CRUD.Api.MigrationRunner", "src\CRUD.Api.MigrationRunner\CRUD.Api.MigrationRunner.csproj", "{E49BA49B-E76A-41FE-9467-4D5AF0FA49DF}"
EndProject
Global
	GlobalSection(SolutionConfigurationPlatforms) = preSolution
		Debug|Any CPU = Debug|Any CPU
		Release|Any CPU = Release|Any CPU
	EndGlobalSection
	GlobalSection(NestedProjects) = preSolution
		{9929888B-6CAB-4667-B04F-DBFA76D9088E} = {8BEE8555-1FD3-484B-B232-0B0CAB408E75}
		{7C28D78E-9C4D-41C3-AFAF-A770812BBCBF} = {8BEE8555-1FD3-484B-B232-0B0CAB408E75}
		{B35D90DC-E301-4A6E-929F-717D0F9E706E} = {8BEE8555-1FD3-484B-B232-0B0CAB408E75}
		{5223F46B-45CF-498C-B7BD-09C42B699FA4} = {8BEE8555-1FD3-484B-B232-0B0CAB408E75}
		{E49BA49B-E76A-41FE-9467-4D5AF0FA49DF} = {8BEE8555-1FD3-484B-B232-0B0CAB408E75}
	EndGlobalSection
	GlobalSection(ProjectConfigurationPlatforms) = postSolution
		{9929888B-6CAB-4667-B04F-DBFA76D9088E}.Debug|Any CPU.ActiveCfg = Debug|Any CPU
		{9929888B-6CAB-4667-B04F-DBFA76D9088E}.Debug|Any CPU.Build.0 = Debug|Any CPU
		{9929888B-6CAB-4667-B04F-DBFA76D9088E}.Release|Any CPU.ActiveCfg = Release|Any CPU
		{9929888B-6CAB-4667-B04F-DBFA76D9088E}.Release|Any CPU.Build.0 = Release|Any CPU
		{7C28D78E-9C4D-41C3-AFAF-A770812BBCBF}.Debug|Any CPU.ActiveCfg = Debug|Any CPU
		{7C28D78E-9C4D-41C3-AFAF-A770812BBCBF}.Debug|Any CPU.Build.0 = Debug|Any CPU
		{7C28D78E-9C4D-41C3-AFAF-A770812BBCBF}.Release|Any CPU.ActiveCfg = Release|Any CPU
		{7C28D78E-9C4D-41C3-AFAF-A770812BBCBF}.Release|Any CPU.Build.0 = Release|Any CPU
		{B35D90DC-E301-4A6E-929F-717D0F9E706E}.Debug|Any CPU.ActiveCfg = Debug|Any CPU
		{B35D90DC-E301-4A6E-929F-717D0F9E706E}.Debug|Any CPU.Build.0 = Debug|Any CPU
		{B35D90DC-E301-4A6E-929F-717D0F9E706E}.Release|Any CPU.ActiveCfg = Release|Any CPU
		{B35D90DC-E301-4A6E-929F-717D0F9E706E}.Release|Any CPU.Build.0 = Release|Any CPU
		{5223F46B-45CF-498C-B7BD-09C42B699FA4}.Debug|Any CPU.ActiveCfg = Debug|Any CPU
		{5223F46B-45CF-498C-B7BD-09C42B699FA4}.Debug|Any CPU.Build.0 = Debug|Any CPU
		{5223F46B-45CF-498C-B7BD-09C42B699FA4}.Release|Any CPU.ActiveCfg = Release|Any CPU
		{5223F46B-45CF-498C-B7BD-09C42B699FA4}.Release|Any CPU.Build.0 = Release|Any CPU
		{E49BA49B-E76A-41FE-9467-4D5AF0FA49DF}.Debug|Any CPU.ActiveCfg = Debug|Any CPU
		{E49BA49B-E76A-41FE-9467-4D5AF0FA49DF}.Debug|Any CPU.Build.0 = Debug|Any CPU
		{E49BA49B-E76A-41FE-9467-4D5AF0FA49DF}.Release|Any CPU.ActiveCfg = Release|Any CPU
		{E49BA49B-E76A-41FE-9467-4D5AF0FA49DF}.Release|Any CPU.Build.0 = Release|Any CPU
	EndGlobalSection
EndGlobal
